{
  "version": 4,
  "terraform_version": "1.0.11",
  "serial": 6,
  "lineage": "c314edb8-3a1c-7ad1-0b3a-9650d05dc2a2",
  "outputs": {},
  "resources": [
    {
      "mode": "managed",
      "type": "aws_instance",
      "name": "terra-instance",
      "provider": "provider[\"registry.terraform.io/hashicorp/aws\"]",
      "instances": [
        {
          "schema_version": 1,
          "attributes": {
            "ami": "ami-064ff912f78e3e561",
            "arn": "arn:aws:ec2:us-east-2:019680795320:instance/i-0975bd465ab08bdc0",
            "associate_public_ip_address": true,
            "availability_zone": "us-east-2a",
            "capacity_reservation_specification": [
              {
                "capacity_reservation_preference": "open",
                "capacity_reservation_target": []
              }
            ],
            "cpu_core_count": 1,
            "cpu_threads_per_core": 1,
            "credit_specification": [
              {
                "cpu_credits": "standard"
              }
            ],
            "disable_api_termination": false,
            "ebs_block_device": [],
            "ebs_optimized": false,
            "enclave_options": [
              {
                "enabled": false
              }
            ],
            "ephemeral_block_device": [],
            "get_password_data": false,
            "hibernation": false,
            "host_id": null,
            "iam_instance_profile": "",
            "id": "i-0975bd465ab08bdc0",
            "instance_initiated_shutdown_behavior": "stop",
            "instance_state": "running",
            "instance_type": "t2.micro",
            "ipv6_address_count": 0,
            "ipv6_addresses": [],
            "key_name": "terra-ec2-key",
            "launch_template": [],
            "metadata_options": [
              {
                "http_endpoint": "enabled",
                "http_put_response_hop_limit": 1,
                "http_tokens": "optional",
                "instance_metadata_tags": "disabled"
              }
            ],
            "monitoring": false,
            "network_interface": [],
            "outpost_arn": "",
            "password_data": "",
            "placement_group": "",
            "placement_partition_number": null,
            "primary_network_interface_id": "eni-0d0aa3578acc47e46",
            "private_dns": "ip-172-31-11-6.us-east-2.compute.internal",
            "private_ip": "172.31.11.6",
            "public_dns": "ec2-3-145-81-93.us-east-2.compute.amazonaws.com",
            "public_ip": "3.145.81.93",
            "root_block_device": [
              {
                "delete_on_termination": true,
                "device_name": "/dev/xvda",
                "encrypted": false,
                "iops": 100,
                "kms_key_id": "",
                "tags": {},
                "throughput": 0,
                "volume_id": "vol-0c6a4771acc69c344",
                "volume_size": 8,
                "volume_type": "gp2"
              }
            ],
            "secondary_private_ips": [],
            "security_groups": [
              "test-ssh-sg"
            ],
            "source_dest_check": true,
            "subnet_id": "subnet-36c8455d",
            "tags": {
              "Name": "terra-instance"
            },
            "tags_all": {
              "Name": "terra-instance"
            },
            "tenancy": "default",
            "timeouts": null,
            "user_data": null,
            "user_data_base64": null,
            "user_data_replace_on_change": false,
            "volume_tags": null,
            "vpc_security_group_ids": [
              "sg-05ed6f021b22c2359"
            ]
          },
          "sensitive_attributes": [],
          "private": "eyJlMmJmYjczMC1lY2FhLTExZTYtOGY4OC0zNDM2M2JjN2M0YzAiOnsiY3JlYXRlIjo2MDAwMDAwMDAwMDAsImRlbGV0ZSI6MTIwMDAwMDAwMDAwMCwidXBkYXRlIjo2MDAwMDAwMDAwMDB9LCJzY2hlbWFfdmVyc2lvbiI6IjEifQ==",
          "dependencies": [
            "aws_key_pair.ec2-terrademo-key"
          ]
        }
      ]
    },
    {
      "mode": "managed",
      "type": "aws_key_pair",
      "name": "ec2-terrademo-key",
      "provider": "provider[\"registry.terraform.io/hashicorp/aws\"]",
      "instances": [
        {
          "schema_version": 1,
          "attributes": {
            "arn": "arn:aws:ec2:us-east-2:019680795320:key-pair/terra-ec2-key",
            "fingerprint": "1a:3e:d4:15:a1:73:b3:f6:9f:bd:2e:30:93:03:ca:24",
            "id": "terra-ec2-key",
            "key_name": "terra-ec2-key",
            "key_name_prefix": "",
            "key_pair_id": "key-0020e33df651da334",
            "public_key": "ssh-rsa AAAAB3NzaC1yc2EAAAADAQABAAABAQCojs/bkJquH7Wy0TLOJd7gPhBjB5DnCaOG5fq9Wcs2vVvv4SXCv1PMgUdIs9zBLHfRK8NhvYCtzaqLvQThdN37dmnC3wnYsCMMhI4Ro3YNcsAjh2eZnfBRuzHU14z3Y46VMjBG24Uu536Nr55WaizhFl6eXWiNmaMUjNTSesSWktC8bmui4IKKrkByRMisORwpgNWCx4HAYFI6u6a1VBGFQ/oNqAEz3ojFa8uR0c2tkbIQeI+eyz1/gNn43y5IVj/842RuN1oYuhck1p68WSNDfveorJHTwaA+u9h9X4OnNi/cLlnB04QriLPMMlbFaeepakriVPZqAFcxR5lwJbtr esiddiqi@testvm",
            "tags": {},
            "tags_all": {}
          },
          "sensitive_attributes": [],
          "private": "eyJzY2hlbWFfdmVyc2lvbiI6IjEifQ=="
        }
      ]
    }
  ]
}
